
Microsoft Visual Studio Solution File, Format Version 12.00
# Visual Studio Version 17
VisualStudioVersion = 17.3.32929.385
MinimumVisualStudioVersion = 10.0.40219.1
Project("{FAE04EC0-301F-11D3-BF4B-00C04F79EFBC}") = "SOLIDPrinciples-Examples", "SOLIDPrinciples-Examples\SOLIDPrinciples-Examples.csproj", "{22892FA7-FC7C-447B-A0D1-E7077CD8F063}"
EndProject
Global
	GlobalSection(SolutionConfigurationPlatforms) = preSolution
		Debug|Any CPU = Debug|Any CPU
		Release|Any CPU = Release|Any CPU
	EndGlobalSection
	GlobalSection(ProjectConfigurationPlatforms) = postSolution
		{22892FA7-FC7C-447B-A0D1-E7077CD8F063}.Debug|Any CPU.ActiveCfg = Debug|Any CPU
		{22892FA7-FC7C-447B-A0D1-E7077CD8F063}.Debug|Any CPU.Build.0 = Debug|Any CPU
		{22892FA7-FC7C-447B-A0D1-E7077CD8F063}.Release|Any CPU.ActiveCfg = Release|Any CPU
		{22892FA7-FC7C-447B-A0D1-E7077CD8F063}.Release|Any CPU.Build.0 = Release|Any CPU
	EndGlobalSection
	GlobalSection(SolutionProperties) = preSolution
		HideSolutionNode = FALSE
	EndGlobalSection
	GlobalSection(ExtensibilityGlobals) = postSolution
		SolutionGuid = {59A1A5D6-B159-4C72-9AD3-CE8BA0759921}
	EndGlobalSection
EndGlobal
